
Microsoft Visual Studio Solution File, Format Version 12.00
# Visual Studio Version 16
VisualStudioVersion = 16.0.31702.278
MinimumVisualStudioVersion = 10.0.40219.1
Project("{FAE04EC0-301F-11D3-BF4B-00C04F79EFBC}") = "ExercicioPokemon", "ExercicioPokemon\ExercicioPokemon.csproj", "{114C7588-C525-48CB-A3D7-6467543235E8}"
EndProject
Global
	GlobalSection(SolutionConfigurationPlatforms) = preSolution
		Debug|Any CPU = Debug|Any CPU
		Release|Any CPU = Release|Any CPU
	EndGlobalSection
	GlobalSection(ProjectConfigurationPlatforms) = postSolution
		{114C7588-C525-48CB-A3D7-6467543235E8}.Debug|Any CPU.ActiveCfg = Debug|Any CPU
		{114C7588-C525-48CB-A3D7-6467543235E8}.Debug|Any CPU.Build.0 = Debug|Any CPU
		{114C7588-C525-48CB-A3D7-6467543235E8}.Release|Any CPU.ActiveCfg = Release|Any CPU
		{114C7588-C525-48CB-A3D7-6467543235E8}.Release|Any CPU.Build.0 = Release|Any CPU
	EndGlobalSection
	GlobalSection(SolutionProperties) = preSolution
		HideSolutionNode = FALSE
	EndGlobalSection
	GlobalSection(ExtensibilityGlobals) = postSolution
		SolutionGuid = {65A3E5C5-0FF6-4511-BD54-CFD868D44385}
	EndGlobalSection
EndGlobal
